
Microsoft Visual Studio Solution File, Format Version 12.00
# Visual Studio 15
VisualStudioVersion = 15.0.28307.106
MinimumVisualStudioVersion = 10.0.40219.1
Project("{FAE04EC0-301F-11D3-BF4B-00C04F79EFBC}") = "ReactNETCommentBox", "ReactNETCommentBox\ReactNETCommentBox.csproj", "{408DF002-A7A9-4314-9307-D260AE7D2A90}"
EndProject
Global
	GlobalSection(SolutionConfigurationPlatforms) = preSolution
		Debug|Any CPU = Debug|Any CPU
		Release|Any CPU = Release|Any CPU
	EndGlobalSection
	GlobalSection(ProjectConfigurationPlatforms) = postSolution
		{408DF002-A7A9-4314-9307-D260AE7D2A90}.Debug|Any CPU.ActiveCfg = Debug|Any CPU
		{408DF002-A7A9-4314-9307-D260AE7D2A90}.Debug|Any CPU.Build.0 = Debug|Any CPU
		{408DF002-A7A9-4314-9307-D260AE7D2A90}.Release|Any CPU.ActiveCfg = Release|Any CPU
		{408DF002-A7A9-4314-9307-D260AE7D2A90}.Release|Any CPU.Build.0 = Release|Any CPU
	EndGlobalSection
	GlobalSection(SolutionProperties) = preSolution
		HideSolutionNode = FALSE
	EndGlobalSection
	GlobalSection(ExtensibilityGlobals) = postSolution
		SolutionGuid = {2C8E8870-812D-4D2B-97B3-075839940BBF}
	EndGlobalSection
EndGlobal
